
Microsoft Visual Studio Solution File, Format Version 12.00
# Visual Studio 2013
VisualStudioVersion = 12.0.31101.0
MinimumVisualStudioVersion = 10.0.40219.1
Project("{2150E333-8FDC-42A3-9474-1A3956D46DE8}") = ".nuget", ".nuget", "{8A33D8DD-E7C7-4AC1-8BA2-BD26BDE9E58A}"
	ProjectSection(SolutionItems) = preProject
		.nuget\NuGet.Config = .nuget\NuGet.Config
		.nuget\NuGet.exe = .nuget\NuGet.exe
		.nuget\NuGet.targets = .nuget\NuGet.targets
	EndProjectSection
EndProject
Project("{2150E333-8FDC-42A3-9474-1A3956D46DE8}") = ".tests", ".tests", "{34485DDA-0C91-45C4-8AE3-4FDA7C295E78}"
EndProject
Project("{2150E333-8FDC-42A3-9474-1A3956D46DE8}") = "SCI.App", "SCI.App", "{0432D013-0E45-44EB-97A8-332018BD775D}"
EndProject
Project("{D954291E-2A0B-460D-934E-DC6B0785DB48}") = "SCI.App.Shared", "SCI.App\SCI.App.Shared\SCI.App.Shared.shproj", "{4D089DC7-ED31-4BEB-A474-67659839A07A}"
EndProject
Project("{FAE04EC0-301F-11D3-BF4B-00C04F79EFBC}") = "SCI.App.Windows", "SCI.App\SCI.App.Windows\SCI.App.Windows.csproj", "{D690A228-9AEC-45E8-A6C8-BA6249C587E8}"
EndProject
Project("{FAE04EC0-301F-11D3-BF4B-00C04F79EFBC}") = "SCI.App.WindowsPhone", "SCI.App\SCI.App.WindowsPhone\SCI.App.WindowsPhone.csproj", "{0A76129D-DAD3-4831-8AD5-D8ED6F2F36EA}"
EndProject
Project("{2150E333-8FDC-42A3-9474-1A3956D46DE8}") = "SCI.Adapters", "SCI.Adapters", "{BAB93F95-89D8-4783-AD15-E24CBA5F0E75}"
EndProject
Project("{FAE04EC0-301F-11D3-BF4B-00C04F79EFBC}") = "SCI.Adapters", "Interfaces\SCI.Adapters.csproj", "{11452B04-5D68-49FB-B824-6E1451C25D97}"
EndProject
Project("{2150E333-8FDC-42A3-9474-1A3956D46DE8}") = "SCI.ViewModels", "SCI.ViewModels", "{6984D6E5-8A97-4F98-B4FA-DE9FF775DAFA}"
EndProject
Project("{FAE04EC0-301F-11D3-BF4B-00C04F79EFBC}") = "SCI.ViewModels", "SCI.ViewModels\SCI.ViewModels.csproj", "{70B1F540-997B-4169-AFAC-B94DFB87AC54}"
EndProject
Project("{2150E333-8FDC-42A3-9474-1A3956D46DE8}") = "SCI.WebApp", "SCI.WebApp", "{7080D41B-A24B-45B2-9CF4-372CF1D8A987}"
EndProject
Project("{FAE04EC0-301F-11D3-BF4B-00C04F79EFBC}") = "SCI.WebApp", "SCI.WebApp\SCI.WebApp.csproj", "{46F52618-4AE3-49DB-810C-006E8F72154C}"
EndProject
Project("{2150E333-8FDC-42A3-9474-1A3956D46DE8}") = "SCI.BL", "SCI.BL", "{81ED8D48-E615-4DAA-92A0-C19464A29CF3}"
EndProject
Project("{FAE04EC0-301F-11D3-BF4B-00C04F79EFBC}") = "SCI.BL", "SCI.BL\SCI.BL.csproj", "{D918B1FB-E7A4-41CB-962B-93DFCD48DD8C}"
EndProject
Global
	GlobalSection(SharedMSBuildProjectFiles) = preSolution
		SCI.App\SCI.App.Shared\SCI.App.Shared.projitems*{4d089dc7-ed31-4beb-a474-67659839a07a}*SharedItemsImports = 13
		SCI.App\SCI.App.Shared\SCI.App.Shared.projitems*{d690a228-9aec-45e8-a6c8-ba6249c587e8}*SharedItemsImports = 4
		SCI.App\SCI.App.Shared\SCI.App.Shared.projitems*{0a76129d-dad3-4831-8ad5-d8ed6f2f36ea}*SharedItemsImports = 4
	EndGlobalSection
	GlobalSection(SolutionConfigurationPlatforms) = preSolution
		Debug|Any CPU = Debug|Any CPU
		Debug|ARM = Debug|ARM
		Debug|x64 = Debug|x64
		Debug|x86 = Debug|x86
		Release|Any CPU = Release|Any CPU
		Release|ARM = Release|ARM
		Release|x64 = Release|x64
		Release|x86 = Release|x86
	EndGlobalSection
	GlobalSection(ProjectConfigurationPlatforms) = postSolution
		{D690A228-9AEC-45E8-A6C8-BA6249C587E8}.Debug|Any CPU.ActiveCfg = Debug|Any CPU
		{D690A228-9AEC-45E8-A6C8-BA6249C587E8}.Debug|Any CPU.Build.0 = Debug|Any CPU
		{D690A228-9AEC-45E8-A6C8-BA6249C587E8}.Debug|Any CPU.Deploy.0 = Debug|Any CPU
		{D690A228-9AEC-45E8-A6C8-BA6249C587E8}.Debug|ARM.ActiveCfg = Debug|ARM
		{D690A228-9AEC-45E8-A6C8-BA6249C587E8}.Debug|ARM.Build.0 = Debug|ARM
		{D690A228-9AEC-45E8-A6C8-BA6249C587E8}.Debug|ARM.Deploy.0 = Debug|ARM
		{D690A228-9AEC-45E8-A6C8-BA6249C587E8}.Debug|x64.ActiveCfg = Debug|x64
		{D690A228-9AEC-45E8-A6C8-BA6249C587E8}.Debug|x64.Build.0 = Debug|x64
		{D690A228-9AEC-45E8-A6C8-BA6249C587E8}.Debug|x64.Deploy.0 = Debug|x64
		{D690A228-9AEC-45E8-A6C8-BA6249C587E8}.Debug|x86.ActiveCfg = Debug|x86
		{D690A228-9AEC-45E8-A6C8-BA6249C587E8}.Debug|x86.Build.0 = Debug|x86
		{D690A228-9AEC-45E8-A6C8-BA6249C587E8}.Debug|x86.Deploy.0 = Debug|x86
		{D690A228-9AEC-45E8-A6C8-BA6249C587E8}.Release|Any CPU.ActiveCfg = Release|Any CPU
		{D690A228-9AEC-45E8-A6C8-BA6249C587E8}.Release|Any CPU.Build.0 = Release|Any CPU
		{D690A228-9AEC-45E8-A6C8-BA6249C587E8}.Release|Any CPU.Deploy.0 = Release|Any CPU
		{D690A228-9AEC-45E8-A6C8-BA6249C587E8}.Release|ARM.ActiveCfg = Release|ARM
		{D690A228-9AEC-45E8-A6C8-BA6249C587E8}.Release|ARM.Build.0 = Release|ARM
		{D690A228-9AEC-45E8-A6C8-BA6249C587E8}.Release|ARM.Deploy.0 = Release|ARM
		{D690A228-9AEC-45E8-A6C8-BA6249C587E8}.Release|x64.ActiveCfg = Release|x64
		{D690A228-9AEC-45E8-A6C8-BA6249C587E8}.Release|x64.Build.0 = Release|x64
		{D690A228-9AEC-45E8-A6C8-BA6249C587E8}.Release|x64.Deploy.0 = Release|x64
		{D690A228-9AEC-45E8-A6C8-BA6249C587E8}.Release|x86.ActiveCfg = Release|x86
		{D690A228-9AEC-45E8-A6C8-BA6249C587E8}.Release|x86.Build.0 = Release|x86
		{D690A228-9AEC-45E8-A6C8-BA6249C587E8}.Release|x86.Deploy.0 = Release|x86
		{0A76129D-DAD3-4831-8AD5-D8ED6F2F36EA}.Debug|Any CPU.ActiveCfg = Debug|Any CPU
		{0A76129D-DAD3-4831-8AD5-D8ED6F2F36EA}.Debug|Any CPU.Build.0 = Debug|Any CPU
		{0A76129D-DAD3-4831-8AD5-D8ED6F2F36EA}.Debug|Any CPU.Deploy.0 = Debug|Any CPU
		{0A76129D-DAD3-4831-8AD5-D8ED6F2F36EA}.Debug|ARM.ActiveCfg = Debug|ARM
		{0A76129D-DAD3-4831-8AD5-D8ED6F2F36EA}.Debug|ARM.Build.0 = Debug|ARM
		{0A76129D-DAD3-4831-8AD5-D8ED6F2F36EA}.Debug|ARM.Deploy.0 = Debug|ARM
		{0A76129D-DAD3-4831-8AD5-D8ED6F2F36EA}.Debug|x64.ActiveCfg = Debug|Any CPU
		{0A76129D-DAD3-4831-8AD5-D8ED6F2F36EA}.Debug|x86.ActiveCfg = Debug|x86
		{0A76129D-DAD3-4831-8AD5-D8ED6F2F36EA}.Debug|x86.Build.0 = Debug|x86
		{0A76129D-DAD3-4831-8AD5-D8ED6F2F36EA}.Debug|x86.Deploy.0 = Debug|x86
		{0A76129D-DAD3-4831-8AD5-D8ED6F2F36EA}.Release|Any CPU.ActiveCfg = Release|Any CPU
		{0A76129D-DAD3-4831-8AD5-D8ED6F2F36EA}.Release|Any CPU.Build.0 = Release|Any CPU
		{0A76129D-DAD3-4831-8AD5-D8ED6F2F36EA}.Release|Any CPU.Deploy.0 = Release|Any CPU
		{0A76129D-DAD3-4831-8AD5-D8ED6F2F36EA}.Release|ARM.ActiveCfg = Release|ARM
		{0A76129D-DAD3-4831-8AD5-D8ED6F2F36EA}.Release|ARM.Build.0 = Release|ARM
		{0A76129D-DAD3-4831-8AD5-D8ED6F2F36EA}.Release|ARM.Deploy.0 = Release|ARM
		{0A76129D-DAD3-4831-8AD5-D8ED6F2F36EA}.Release|x64.ActiveCfg = Release|Any CPU
		{0A76129D-DAD3-4831-8AD5-D8ED6F2F36EA}.Release|x86.ActiveCfg = Release|x86
		{0A76129D-DAD3-4831-8AD5-D8ED6F2F36EA}.Release|x86.Build.0 = Release|x86
		{0A76129D-DAD3-4831-8AD5-D8ED6F2F36EA}.Release|x86.Deploy.0 = Release|x86
		{11452B04-5D68-49FB-B824-6E1451C25D97}.Debug|Any CPU.ActiveCfg = Debug|Any CPU
		{11452B04-5D68-49FB-B824-6E1451C25D97}.Debug|Any CPU.Build.0 = Debug|Any CPU
		{11452B04-5D68-49FB-B824-6E1451C25D97}.Debug|ARM.ActiveCfg = Debug|Any CPU
		{11452B04-5D68-49FB-B824-6E1451C25D97}.Debug|x64.ActiveCfg = Debug|Any CPU
		{11452B04-5D68-49FB-B824-6E1451C25D97}.Debug|x86.ActiveCfg = Debug|Any CPU
		{11452B04-5D68-49FB-B824-6E1451C25D97}.Release|Any CPU.ActiveCfg = Release|Any CPU
		{11452B04-5D68-49FB-B824-6E1451C25D97}.Release|Any CPU.Build.0 = Release|Any CPU
		{11452B04-5D68-49FB-B824-6E1451C25D97}.Release|ARM.ActiveCfg = Release|Any CPU
		{11452B04-5D68-49FB-B824-6E1451C25D97}.Release|x64.ActiveCfg = Release|Any CPU
		{11452B04-5D68-49FB-B824-6E1451C25D97}.Release|x86.ActiveCfg = Release|Any CPU
		{70B1F540-997B-4169-AFAC-B94DFB87AC54}.Debug|Any CPU.ActiveCfg = Debug|Any CPU
		{70B1F540-997B-4169-AFAC-B94DFB87AC54}.Debug|Any CPU.Build.0 = Debug|Any CPU
		{70B1F540-997B-4169-AFAC-B94DFB87AC54}.Debug|ARM.ActiveCfg = Debug|Any CPU
		{70B1F540-997B-4169-AFAC-B94DFB87AC54}.Debug|x64.ActiveCfg = Debug|Any CPU
		{70B1F540-997B-4169-AFAC-B94DFB87AC54}.Debug|x86.ActiveCfg = Debug|Any CPU
		{70B1F540-997B-4169-AFAC-B94DFB87AC54}.Release|Any CPU.ActiveCfg = Release|Any CPU
		{70B1F540-997B-4169-AFAC-B94DFB87AC54}.Release|Any CPU.Build.0 = Release|Any CPU
		{70B1F540-997B-4169-AFAC-B94DFB87AC54}.Release|ARM.ActiveCfg = Release|Any CPU
		{70B1F540-997B-4169-AFAC-B94DFB87AC54}.Release|x64.ActiveCfg = Release|Any CPU
		{70B1F540-997B-4169-AFAC-B94DFB87AC54}.Release|x86.ActiveCfg = Release|Any CPU
		{46F52618-4AE3-49DB-810C-006E8F72154C}.Debug|Any CPU.ActiveCfg = Debug|Any CPU
		{46F52618-4AE3-49DB-810C-006E8F72154C}.Debug|Any CPU.Build.0 = Debug|Any CPU
		{46F52618-4AE3-49DB-810C-006E8F72154C}.Debug|ARM.ActiveCfg = Debug|Any CPU
		{46F52618-4AE3-49DB-810C-006E8F72154C}.Debug|x64.ActiveCfg = Debug|Any CPU
		{46F52618-4AE3-49DB-810C-006E8F72154C}.Debug|x86.ActiveCfg = Debug|Any CPU
		{46F52618-4AE3-49DB-810C-006E8F72154C}.Release|Any CPU.ActiveCfg = Release|Any CPU
		{46F52618-4AE3-49DB-810C-006E8F72154C}.Release|Any CPU.Build.0 = Release|Any CPU
		{46F52618-4AE3-49DB-810C-006E8F72154C}.Release|ARM.ActiveCfg = Release|Any CPU
		{46F52618-4AE3-49DB-810C-006E8F72154C}.Release|x64.ActiveCfg = Release|Any CPU
		{46F52618-4AE3-49DB-810C-006E8F72154C}.Release|x86.ActiveCfg = Release|Any CPU
		{D918B1FB-E7A4-41CB-962B-93DFCD48DD8C}.Debug|Any CPU.ActiveCfg = Debug|Any CPU
		{D918B1FB-E7A4-41CB-962B-93DFCD48DD8C}.Debug|Any CPU.Build.0 = Debug|Any CPU
		{D918B1FB-E7A4-41CB-962B-93DFCD48DD8C}.Debug|ARM.ActiveCfg = Debug|Any CPU
		{D918B1FB-E7A4-41CB-962B-93DFCD48DD8C}.Debug|x64.ActiveCfg = Debug|Any CPU
		{D918B1FB-E7A4-41CB-962B-93DFCD48DD8C}.Debug|x86.ActiveCfg = Debug|Any CPU
		{D918B1FB-E7A4-41CB-962B-93DFCD48DD8C}.Release|Any CPU.ActiveCfg = Release|Any CPU
		{D918B1FB-E7A4-41CB-962B-93DFCD48DD8C}.Release|Any CPU.Build.0 = Release|Any CPU
		{D918B1FB-E7A4-41CB-962B-93DFCD48DD8C}.Release|ARM.ActiveCfg = Release|Any CPU
		{D918B1FB-E7A4-41CB-962B-93DFCD48DD8C}.Release|x64.ActiveCfg = Release|Any CPU
		{D918B1FB-E7A4-41CB-962B-93DFCD48DD8C}.Release|x86.ActiveCfg = Release|Any CPU
	EndGlobalSection
	GlobalSection(SolutionProperties) = preSolution
		HideSolutionNode = FALSE
	EndGlobalSection
	GlobalSection(NestedProjects) = preSolution
		{4D089DC7-ED31-4BEB-A474-67659839A07A} = {0432D013-0E45-44EB-97A8-332018BD775D}
		{D690A228-9AEC-45E8-A6C8-BA6249C587E8} = {0432D013-0E45-44EB-97A8-332018BD775D}
		{0A76129D-DAD3-4831-8AD5-D8ED6F2F36EA} = {0432D013-0E45-44EB-97A8-332018BD775D}
		{11452B04-5D68-49FB-B824-6E1451C25D97} = {BAB93F95-89D8-4783-AD15-E24CBA5F0E75}
		{70B1F540-997B-4169-AFAC-B94DFB87AC54} = {6984D6E5-8A97-4F98-B4FA-DE9FF775DAFA}
		{46F52618-4AE3-49DB-810C-006E8F72154C} = {7080D41B-A24B-45B2-9CF4-372CF1D8A987}
		{D918B1FB-E7A4-41CB-962B-93DFCD48DD8C} = {81ED8D48-E615-4DAA-92A0-C19464A29CF3}
	EndGlobalSection
EndGlobal
